
Microsoft Visual Studio Solution File, Format Version 12.00
# Visual Studio Version 17
VisualStudioVersion = 17.1.32210.238
MinimumVisualStudioVersion = 10.0.40219.1
Project("{FAE04EC0-301F-11D3-BF4B-00C04F79EFBC}") = "tharsis-s", "tharsis-s\tharsis-s.csproj", "{43EBB6C0-F4FF-493F-A136-7637D78F3C8A}"
EndProject
Global
	GlobalSection(SolutionConfigurationPlatforms) = preSolution
		Debug|Any CPU = Debug|Any CPU
		Debug|x86 = Debug|x86
		Release|Any CPU = Release|Any CPU
		Release|x86 = Release|x86
	EndGlobalSection
	GlobalSection(ProjectConfigurationPlatforms) = postSolution
		{43EBB6C0-F4FF-493F-A136-7637D78F3C8A}.Debug|Any CPU.ActiveCfg = Debug|Any CPU
		{43EBB6C0-F4FF-493F-A136-7637D78F3C8A}.Debug|Any CPU.Build.0 = Debug|Any CPU
		{43EBB6C0-F4FF-493F-A136-7637D78F3C8A}.Debug|x86.ActiveCfg = Debug|Any CPU
		{43EBB6C0-F4FF-493F-A136-7637D78F3C8A}.Debug|x86.Build.0 = Debug|Any CPU
		{43EBB6C0-F4FF-493F-A136-7637D78F3C8A}.Release|Any CPU.ActiveCfg = Release|Any CPU
		{43EBB6C0-F4FF-493F-A136-7637D78F3C8A}.Release|Any CPU.Build.0 = Release|Any CPU
		{43EBB6C0-F4FF-493F-A136-7637D78F3C8A}.Release|x86.ActiveCfg = Release|Any CPU
		{43EBB6C0-F4FF-493F-A136-7637D78F3C8A}.Release|x86.Build.0 = Release|Any CPU
	EndGlobalSection
	GlobalSection(SolutionProperties) = preSolution
		HideSolutionNode = FALSE
	EndGlobalSection
	GlobalSection(ExtensibilityGlobals) = postSolution
		SolutionGuid = {D7A76C7D-8E65-4FA2-9B88-7F4CA8788784}
	EndGlobalSection
EndGlobal
